
Microsoft Visual Studio Solution File, Format Version 12.00
# Visual Studio Version 17
VisualStudioVersion = 17.5.33424.131
MinimumVisualStudioVersion = 10.0.40219.1
Project("{8BC9CEB8-8B4A-11D0-8D11-00A0C91BC942}") = "Project", "Project\Project.vcxproj", "{6507C8BB-B801-4422-A38A-496E5103B62D}"
EndProject
Project("{8BC9CEB8-8B4A-11D0-8D11-00A0C91BC942}") = "02-Sprite", "..\gamedev-intro-tutorials\02-Sprite\02-Sprite.vcxproj", "{AADFB8E6-BDA3-4F69-9F0F-5C30EE6EACBA}"
EndProject
Global
	GlobalSection(SolutionConfigurationPlatforms) = preSolution
		Debug|x64 = Debug|x64
		Debug|x86 = Debug|x86
		Release|x64 = Release|x64
		Release|x86 = Release|x86
	EndGlobalSection
	GlobalSection(ProjectConfigurationPlatforms) = postSolution
		{6507C8BB-B801-4422-A38A-496E5103B62D}.Debug|x64.ActiveCfg = Debug|x64
		{6507C8BB-B801-4422-A38A-496E5103B62D}.Debug|x64.Build.0 = Debug|x64
		{6507C8BB-B801-4422-A38A-496E5103B62D}.Debug|x86.ActiveCfg = Debug|Win32
		{6507C8BB-B801-4422-A38A-496E5103B62D}.Debug|x86.Build.0 = Debug|Win32
		{6507C8BB-B801-4422-A38A-496E5103B62D}.Release|x64.ActiveCfg = Release|x64
		{6507C8BB-B801-4422-A38A-496E5103B62D}.Release|x64.Build.0 = Release|x64
		{6507C8BB-B801-4422-A38A-496E5103B62D}.Release|x86.ActiveCfg = Release|Win32
		{6507C8BB-B801-4422-A38A-496E5103B62D}.Release|x86.Build.0 = Release|Win32
		{AADFB8E6-BDA3-4F69-9F0F-5C30EE6EACBA}.Debug|x64.ActiveCfg = Debug|x64
		{AADFB8E6-BDA3-4F69-9F0F-5C30EE6EACBA}.Debug|x64.Build.0 = Debug|x64
		{AADFB8E6-BDA3-4F69-9F0F-5C30EE6EACBA}.Debug|x86.ActiveCfg = Debug|Win32
		{AADFB8E6-BDA3-4F69-9F0F-5C30EE6EACBA}.Debug|x86.Build.0 = Debug|Win32
		{AADFB8E6-BDA3-4F69-9F0F-5C30EE6EACBA}.Release|x64.ActiveCfg = Release|x64
		{AADFB8E6-BDA3-4F69-9F0F-5C30EE6EACBA}.Release|x64.Build.0 = Release|x64
		{AADFB8E6-BDA3-4F69-9F0F-5C30EE6EACBA}.Release|x86.ActiveCfg = Release|Win32
		{AADFB8E6-BDA3-4F69-9F0F-5C30EE6EACBA}.Release|x86.Build.0 = Release|Win32
	EndGlobalSection
	GlobalSection(SolutionProperties) = preSolution
		HideSolutionNode = FALSE
	EndGlobalSection
	GlobalSection(ExtensibilityGlobals) = postSolution
		SolutionGuid = {92F65975-C5C5-46EB-BC79-441E02DC3829}
	EndGlobalSection
EndGlobal
